
Microsoft Visual Studio Solution File, Format Version 12.00
# Visual Studio Version 16
VisualStudioVersion = 16.0.30907.101
MinimumVisualStudioVersion = 10.0.40219.1
Project("{9A19103F-16F7-4668-BE54-9A1E7A4F7556}") = "SportsBetting.Web", "SportsBetting\SportsBetting.Web.csproj", "{07C6171F-E6BD-413D-9532-7B994C7084F2}"
EndProject
Project("{9A19103F-16F7-4668-BE54-9A1E7A4F7556}") = "SportsBetting.Data", "SportsBetting.Data\SportsBetting.Data.csproj", "{E48FCBF1-708F-4C18-84B6-B08B120B2C09}"
EndProject
Project("{FAE04EC0-301F-11D3-BF4B-00C04F79EFBC}") = "SportsBetting.Services", "SportsBetting.Services\SportsBetting.Services.csproj", "{98260056-23B0-4BFC-8F0E-9E21F5573EDD}"
EndProject
Global
	GlobalSection(SolutionConfigurationPlatforms) = preSolution
		Debug|Any CPU = Debug|Any CPU
		Release|Any CPU = Release|Any CPU
	EndGlobalSection
	GlobalSection(ProjectConfigurationPlatforms) = postSolution
		{07C6171F-E6BD-413D-9532-7B994C7084F2}.Debug|Any CPU.ActiveCfg = Debug|Any CPU
		{07C6171F-E6BD-413D-9532-7B994C7084F2}.Debug|Any CPU.Build.0 = Debug|Any CPU
		{07C6171F-E6BD-413D-9532-7B994C7084F2}.Release|Any CPU.ActiveCfg = Release|Any CPU
		{07C6171F-E6BD-413D-9532-7B994C7084F2}.Release|Any CPU.Build.0 = Release|Any CPU
		{E48FCBF1-708F-4C18-84B6-B08B120B2C09}.Debug|Any CPU.ActiveCfg = Debug|Any CPU
		{E48FCBF1-708F-4C18-84B6-B08B120B2C09}.Debug|Any CPU.Build.0 = Debug|Any CPU
		{E48FCBF1-708F-4C18-84B6-B08B120B2C09}.Release|Any CPU.ActiveCfg = Release|Any CPU
		{E48FCBF1-708F-4C18-84B6-B08B120B2C09}.Release|Any CPU.Build.0 = Release|Any CPU
		{98260056-23B0-4BFC-8F0E-9E21F5573EDD}.Debug|Any CPU.ActiveCfg = Debug|Any CPU
		{98260056-23B0-4BFC-8F0E-9E21F5573EDD}.Debug|Any CPU.Build.0 = Debug|Any CPU
		{98260056-23B0-4BFC-8F0E-9E21F5573EDD}.Release|Any CPU.ActiveCfg = Release|Any CPU
		{98260056-23B0-4BFC-8F0E-9E21F5573EDD}.Release|Any CPU.Build.0 = Release|Any CPU
	EndGlobalSection
	GlobalSection(SolutionProperties) = preSolution
		HideSolutionNode = FALSE
	EndGlobalSection
	GlobalSection(ExtensibilityGlobals) = postSolution
		SolutionGuid = {8C0325ED-8A7F-4176-8D57-98274F661DA5}
	EndGlobalSection
EndGlobal
